// !$*UTF8*$!
{
	archiveVersion = 1;
	classes = {
	};
	objectVersion = 50;
	objects = {

/* Begin PBXBuildFile section */
		CD742A4F266E2641006B460D /* SwiftUIEnvironmentObjectApp.swift in Sources */ = {isa = PBXBuildFile; fileRef = CD742A4E266E2641006B460D /* SwiftUIEnvironmentObjectApp.swift */; };
		CD742A51266E2641006B460D /* View1.swift in Sources */ = {isa = PBXBuildFile; fileRef = CD742A50266E2641006B460D /* View1.swift */; };
		CD742A53266E2646006B460D /* Assets.xcassets in Resources */ = {isa = PBXBuildFile; fileRef = CD742A52266E2646006B460D /* Assets.xcassets */; };
		CD742A56266E2646006B460D /* Preview Assets.xcassets in Resources */ = {isa = PBXBuildFile; fileRef = CD742A55266E2646006B460D /* Preview Assets.xcassets */; };
		CD742A61266E2894006B460D /* ViewModel.swift in Sources */ = {isa = PBXBuildFile; fileRef = CD742A60266E2894006B460D /* ViewModel.swift */; };
		CD742A63266E298B006B460D /* View2.swift in Sources */ = {isa = PBXBuildFile; fileRef = CD742A62266E298B006B460D /* View2.swift */; };
		CD742A65266E2993006B460D /* View3.swift in Sources */ = {isa = PBXBuildFile; fileRef = CD742A64266E2993006B460D /* View3.swift */; };
/* End PBXBuildFile section */

/* Begin PBXFileReference section */
		CD742A4B266E2641006B460D /* SwiftUIEnvironmentObject.app */ = {isa = PBXFileReference; explicitFileType = wrapper.application; includeInIndex = 0; path = SwiftUIEnvironmentObject.app; sourceTree = BUILT_PRODUCTS_DIR; };
		CD742A4E266E2641006B460D /* SwiftUIEnvironmentObjectApp.swift */ = {isa = PBXFileReference; lastKnownFileType = sourcecode.swift; path = SwiftUIEnvironmentObjectApp.swift; sourceTree = "<group>"; };
		CD742A50266E2641006B460D /* View1.swift */ = {isa = PBXFileReference; lastKnownFileType = sourcecode.swift; path = View1.swift; sourceTree = "<group>"; };
		CD742A52266E2646006B460D /* Assets.xcassets */ = {isa = PBXFileReference; lastKnownFileType = folder.assetcatalog; path = Assets.xcassets; sourceTree = "<group>"; };
		CD742A55266E2646006B460D /* Preview Assets.xcassets */ = {isa = PBXFileReference; lastKnownFileType = folder.assetcatalog; path = "Preview Assets.xcassets"; sourceTree = "<group>"; };
		CD742A57266E2646006B460D /* Info.plist */ = {isa = PBXFileReference; lastKnownFileType = text.plist.xml; path = Info.plist; sourceTree = "<group>"; };
		CD742A60266E2894006B460D /* ViewModel.swift */ = {isa = PBXFileReference; lastKnownFileType = sourcecode.swift; path = ViewModel.swift; sourceTree = "<group>"; };
		CD742A62266E298B006B460D /* View2.swift */ = {isa = PBXFileReference; lastKnownFileType = sourcecode.swift; path = View2.swift; sourceTree = "<group>"; };
		CD742A64266E2993006B460D /* View3.swift */ = {isa = PBXFileReference; lastKnownFileType = sourcecode.swift; path = View3.swift; sourceTree = "<group>"; };
/* End PBXFileReference section */

/* Begin PBXFrameworksBuildPhase section */
		CD742A48266E2641006B460D /* Frameworks */ = {
			isa = PBXFrameworksBuildPhase;
			buildActionMask = 2147483647;
			files = (
			);
			runOnlyForDeploymentPostprocessing = 0;
		};
/* End PBXFrameworksBuildPhase section */

/* Begin PBXGroup section */
		CD742A42266E2641006B460D = {
			isa = PBXGroup;
			children = (
				CD742A4D266E2641006B460D /* SwiftUIEnvironmentObject */,
				CD742A4C266E2641006B460D /* Products */,
			);
			sourceTree = "<group>";
		};
		CD742A4C266E2641006B460D /* Products */ = {
			isa = PBXGroup;
			children = (
				CD742A4B266E2641006B460D /* SwiftUIEnvironmentObject.app */,
			);
			name = Products;
			sourceTree = "<group>";
		};
		CD742A4D266E2641006B460D /* SwiftUIEnvironmentObject */ = {
			isa = PBXGroup;
			children = (
				CD742A4E266E2641006B460D /* SwiftUIEnvironmentObjectApp.swift */,
				CD742A5F266E2877006B460D /* Views */,
				CD742A5E266E286E006B460D /* ViewModels */,
				CD742A5D266E2865006B460D /* Models */,
				CD742A52266E2646006B460D /* Assets.xcassets */,
				CD742A57266E2646006B460D /* Info.plist */,
				CD742A54266E2646006B460D /* Preview Content */,
			);
			path = SwiftUIEnvironmentObject;
			sourceTree = "<group>";
		};
		CD742A54266E2646006B460D /* Preview Content */ = {
			isa = PBXGroup;
			children = (
				CD742A55266E2646006B460D /* Preview Assets.xcassets */,
			);
			path = "Preview Content";
			sourceTree = "<group>";
		};
		CD742A5D266E2865006B460D /* Models */ = {
			isa = PBXGroup;
			children = (
			);
			path = Models;
			sourceTree = "<group>";
		};
		CD742A5E266E286E006B460D /* ViewModels */ = {
			isa = PBXGroup;
			children = (
				CD742A60266E2894006B460D /* ViewModel.swift */,
			);
			path = ViewModels;
			sourceTree = "<group>";
		};
		CD742A5F266E2877006B460D /* Views */ = {
			isa = PBXGroup;
			children = (
				CD742A50266E2641006B460D /* View1.swift */,
				CD742A62266E298B006B460D /* View2.swift */,
				CD742A64266E2993006B460D /* View3.swift */,
			);
			path = Views;
			sourceTree = "<group>";
		};
/* End PBXGroup section */

/* Begin PBXNativeTarget section */
		CD742A4A266E2641006B460D /* SwiftUIEnvironmentObject */ = {
			isa = PBXNativeTarget;
			buildConfigurationList = CD742A5A266E2646006B460D /* Build configuration list for PBXNativeTarget "SwiftUIEnvironmentObject" */;
			buildPhases = (
				CD742A47266E2641006B460D /* Sources */,
				CD742A48266E2641006B460D /* Frameworks */,
				CD742A49266E2641006B460D /* Resources */,
			);
			buildRules = (
			);
			dependencies = (
			);
			name = SwiftUIEnvironmentObject;
			productName = SwiftUIEnvironmentObject;
			productReference = CD742A4B266E2641006B460D /* SwiftUIEnvironmentObject.app */;
			productType = "com.apple.product-type.application";
		};
/* End PBXNativeTarget section */

/* Begin PBXProject section */
		CD742A43266E2641006B460D /* Project object */ = {
			isa = PBXProject;
			attributes = {
				LastSwiftUpdateCheck = 1250;
				LastUpgradeCheck = 1250;
				TargetAttributes = {
					CD742A4A266E2641006B460D = {
						CreatedOnToolsVersion = 12.5;
					};
				};
			};
			buildConfigurationList = CD742A46266E2641006B460D /* Build configuration list for PBXProject "SwiftUIEnvironmentObject" */;
			compatibilityVersion = "Xcode 9.3";
			developmentRegion = en;
			hasScannedForEncodings = 0;
			knownRegions = (
				en,
				Base,
			);
			mainGroup = CD742A42266E2641006B460D;
			productRefGroup = CD742A4C266E2641006B460D /* Products */;
			projectDirPath = "";
			projectRoot = "";
			targets = (
				CD742A4A266E2641006B460D /* SwiftUIEnvironmentObject */,
			);
		};
/* End PBXProject section */

/* Begin PBXResourcesBuildPhase section */
		CD742A49266E2641006B460D /* Resources */ = {
			isa = PBXResourcesBuildPhase;
			buildActionMask = 2147483647;
			files = (
				CD742A56266E2646006B460D /* Preview Assets.xcassets in Resources */,
				CD742A53266E2646006B460D /* Assets.xcassets in Resources */,
			);
			runOnlyForDeploymentPostprocessing = 0;
		};
/* End PBXResourcesBuildPhase section */

/* Begin PBXSourcesBuildPhase section */
		CD742A47266E2641006B460D /* Sources */ = {
			isa = PBXSourcesBuildPhase;
			buildActionMask = 2147483647;
			files = (
				CD742A51266E2641006B460D /* View1.swift in Sources */,
				CD742A65266E2993006B460D /* View3.swift in Sources */,
				CD742A61266E2894006B460D /* ViewModel.swift in Sources */,
				CD742A4F266E2641006B460D /* SwiftUIEnvironmentObjectApp.swift in Sources */,
				CD742A63266E298B006B460D /* View2.swift in Sources */,
			);
			runOnlyForDeploymentPostprocessing = 0;
		};
/* End PBXSourcesBuildPhase section */

/* Begin XCBuildConfiguration section */
		CD742A58266E2646006B460D /* Debug */ = {
			isa = XCBuildConfiguration;
			buildSettings = {
				ALWAYS_SEARCH_USER_PATHS = NO;
				CLANG_ANALYZER_NONNULL = YES;
				CLANG_ANALYZER_NUMBER_OBJECT_CONVERSION = YES_AGGRESSIVE;
				CLANG_CXX_LANGUAGE_STANDARD = "gnu++14";
				CLANG_CXX_LIBRARY = "libc++";
				CLANG_ENABLE_MODULES = YES;
				CLANG_ENABLE_OBJC_ARC = YES;
				CLANG_ENABLE_OBJC_WEAK = YES;
				CLANG_WARN_BLOCK_CAPTURE_AUTORELEASING = YES;
				CLANG_WARN_BOOL_CONVERSION = YES;
				CLANG_WARN_COMMA = YES;
				CLANG_WARN_CONSTANT_CONVERSION = YES;
				CLANG_WARN_DEPRECATED_OBJC_IMPLEMENTATIONS = YES;
				CLANG_WARN_DIRECT_OBJC_ISA_USAGE = YES_ERROR;
				CLANG_WARN_DOCUMENTATION_COMMENTS = YES;
				CLANG_WARN_EMPTY_BODY = YES;
				CLANG_WARN_ENUM_CONVERSION = YES;
				CLANG_WARN_INFINITE_RECURSION = YES;
				CLANG_WARN_INT_CONVERSION = YES;
				CLANG_WARN_NON_LITERAL_NULL_CONVERSION = YES;
				CLANG_WARN_OBJC_IMPLICIT_RETAIN_SELF = YES;
				CLANG_WARN_OBJC_LITERAL_CONVERSION = YES;
				CLANG_WARN_OBJC_ROOT_CLASS = YES_ERROR;
				CLANG_WARN_QUOTED_INCLUDE_IN_FRAMEWORK_HEADER = YES;
				CLANG_WARN_RANGE_LOOP_ANALYSIS = YES;
				CLANG_WARN_STRICT_PROTOTYPES = YES;
				CLANG_WARN_SUSPICIOUS_MOVE = YES;
				CLANG_WARN_UNGUARDED_AVAILABILITY = YES_AGGRESSIVE;
				CLANG_WARN_UNREACHABLE_CODE = YES;
				CLANG_WARN__DUPLICATE_METHOD_MATCH = YES;
				COPY_PHASE_STRIP = NO;
				DEBUG_INFORMATION_FORMAT = dwarf;
				ENABLE_STRICT_OBJC_MSGSEND = YES;
				ENABLE_TESTABILITY = YES;
				GCC_C_LANGUAGE_STANDARD = gnu11;
				GCC_DYNAMIC_NO_PIC = NO;
				GCC_NO_COMMON_BLOCKS = YES;
				GCC_OPTIMIZATION_LEVEL = 0;
				GCC_PREPROCESSOR_DEFINITIONS = (
					"DEBUG=1",
					"$(inherited)",
				);
				GCC_WARN_64_TO_32_BIT_CONVERSION = YES;
				GCC_WARN_ABOUT_RETURN_TYPE = YES_ERROR;
				GCC_WARN_UNDECLARED_SELECTOR = YES;
				GCC_WARN_UNINITIALIZED_AUTOS = YES_AGGRESSIVE;
				GCC_WARN_UNUSED_FUNCTION = YES;
				GCC_WARN_UNUSED_VARIABLE = YES;
				IPHONEOS_DEPLOYMENT_TARGET = 14.5;
				MTL_ENABLE_DEBUG_INFO = INCLUDE_SOURCE;
				MTL_FAST_MATH = YES;
				ONLY_ACTIVE_ARCH = YES;
				SDKROOT = iphoneos;
				SWIFT_ACTIVE_COMPILATION_CONDITIONS = DEBUG;
				SWIFT_OPTIMIZATION_LEVEL = "-Onone";
			};
			name = Debug;
		};
		CD742A59266E2646006B460D /* Release */ = {
			isa = XCBuildConfiguration;
			buildSettings = {
				ALWAYS_SEARCH_USER_PATHS = NO;
				CLANG_ANALYZER_NONNULL = YES;
				CLANG_ANALYZER_NUMBER_OBJECT_CONVERSION = YES_AGGRESSIVE;
				CLANG_CXX_LANGUAGE_STANDARD = "gnu++14";
				CLANG_CXX_LIBRARY = "libc++";
				CLANG_ENABLE_MODULES = YES;
				CLANG_ENABLE_OBJC_ARC = YES;
				CLANG_ENABLE_OBJC_WEAK = YES;
				CLANG_WARN_BLOCK_CAPTURE_AUTORELEASING = YES;
				CLANG_WARN_BOOL_CONVERSION = YES;
				CLANG_WARN_COMMA = YES;
				CLANG_WARN_CONSTANT_CONVERSION = YES;
				CLANG_WARN_DEPRECATED_OBJC_IMPLEMENTATIONS = YES;
				CLANG_WARN_DIRECT_OBJC_ISA_USAGE = YES_ERROR;
				CLANG_WARN_DOCUMENTATION_COMMENTS = YES;
				CLANG_WARN_EMPTY_BODY = YES;
				CLANG_WARN_ENUM_CONVERSION = YES;
				CLANG_WARN_INFINITE_RECURSION = YES;
				CLANG_WARN_INT_CONVERSION = YES;
				CLANG_WARN_NON_LITERAL_NULL_CONVERSION = YES;
				CLANG_WARN_OBJC_IMPLICIT_RETAIN_SELF = YES;
				CLANG_WARN_OBJC_LITERAL_CONVERSION = YES;
				CLANG_WARN_OBJC_ROOT_CLASS = YES_ERROR;
				CLANG_WARN_QUOTED_INCLUDE_IN_FRAMEWORK_HEADER = YES;
				CLANG_WARN_RANGE_LOOP_ANALYSIS = YES;
				CLANG_WARN_STRICT_PROTOTYPES = YES;
				CLANG_WARN_SUSPICIOUS_MOVE = YES;
				CLANG_WARN_UNGUARDED_AVAILABILITY = YES_AGGRESSIVE;
				CLANG_WARN_UNREACHABLE_CODE = YES;
				CLANG_WARN__DUPLICATE_METHOD_MATCH = YES;
				COPY_PHASE_STRIP = NO;
				DEBUG_INFORMATION_FORMAT = "dwarf-with-dsym";
				ENABLE_NS_ASSERTIONS = NO;
				ENABLE_STRICT_OBJC_MSGSEND = YES;
				GCC_C_LANGUAGE_STANDARD = gnu11;
				GCC_NO_COMMON_BLOCKS = YES;
				GCC_WARN_64_TO_32_BIT_CONVERSION = YES;
				GCC_WARN_ABOUT_RETURN_TYPE = YES_ERROR;
				GCC_WARN_UNDECLARED_SELECTOR = YES;
				GCC_WARN_UNINITIALIZED_AUTOS = YES_AGGRESSIVE;
				GCC_WARN_UNUSED_FUNCTION = YES;
				GCC_WARN_UNUSED_VARIABLE = YES;
				IPHONEOS_DEPLOYMENT_TARGET = 14.5;
				MTL_ENABLE_DEBUG_INFO = NO;
				MTL_FAST_MATH = YES;
				SDKROOT = iphoneos;
				SWIFT_COMPILATION_MODE = wholemodule;
				SWIFT_OPTIMIZATION_LEVEL = "-O";
				VALIDATE_PRODUCT = YES;
			};
			name = Release;
		};
		CD742A5B266E2646006B460D /* Debug */ = {
			isa = XCBuildConfiguration;
			buildSettings = {
				ASSETCATALOG_COMPILER_APPICON_NAME = AppIcon;
				ASSETCATALOG_COMPILER_GLOBAL_ACCENT_COLOR_NAME = AccentColor;
				CODE_SIGN_STYLE = Automatic;
				DEVELOPMENT_ASSET_PATHS = "\"SwiftUIEnvironmentObject/Preview Content\"";
				DEVELOPMENT_TEAM = 693P93E2N6;
				ENABLE_PREVIEWS = YES;
				INFOPLIST_FILE = SwiftUIEnvironmentObject/Info.plist;
				IPHONEOS_DEPLOYMENT_TARGET = 14.0;
				LD_RUNPATH_SEARCH_PATHS = (
					"$(inherited)",
					"@executable_path/Frameworks",
				);
				PRODUCT_BUNDLE_IDENTIFIER = com.trueddns.homenano.SwiftUIEnvironmentObject;
				PRODUCT_NAME = "$(TARGET_NAME)";
				SWIFT_VERSION = 5.0;
				TARGETED_DEVICE_FAMILY = "1,2";
			};
			name = Debug;
		};
		CD742A5C266E2646006B460D /* Release */ = {
			isa = XCBuildConfiguration;
			buildSettings = {
				ASSETCATALOG_COMPILER_APPICON_NAME = AppIcon;
				ASSETCATALOG_COMPILER_GLOBAL_ACCENT_COLOR_NAME = AccentColor;
				CODE_SIGN_STYLE = Automatic;
				DEVELOPMENT_ASSET_PATHS = "\"SwiftUIEnvironmentObject/Preview Content\"";
				DEVELOPMENT_TEAM = 693P93E2N6;
				ENABLE_PREVIEWS = YES;
				INFOPLIST_FILE = SwiftUIEnvironmentObject/Info.plist;
				IPHONEOS_DEPLOYMENT_TARGET = 14.0;
				LD_RUNPATH_SEARCH_PATHS = (
					"$(inherited)",
					"@executable_path/Frameworks",
				);
				PRODUCT_BUNDLE_IDENTIFIER = com.trueddns.homenano.SwiftUIEnvironmentObject;
				PRODUCT_NAME = "$(TARGET_NAME)";
				SWIFT_VERSION = 5.0;
				TARGETED_DEVICE_FAMILY = "1,2";
			};
			name = Release;
		};
/* End XCBuildConfiguration section */

/* Begin XCConfigurationList section */
		CD742A46266E2641006B460D /* Build configuration list for PBXProject "SwiftUIEnvironmentObject" */ = {
			isa = XCConfigurationList;
			buildConfigurations = (
				CD742A58266E2646006B460D /* Debug */,
				CD742A59266E2646006B460D /* Release */,
			);
			defaultConfigurationIsVisible = 0;
			defaultConfigurationName = Release;
		};
		CD742A5A266E2646006B460D /* Build configuration list for PBXNativeTarget "SwiftUIEnvironmentObject" */ = {
			isa = XCConfigurationList;
			buildConfigurations = (
				CD742A5B266E2646006B460D /* Debug */,
				CD742A5C266E2646006B460D /* Release */,
			);
			defaultConfigurationIsVisible = 0;
			defaultConfigurationName = Release;
		};
/* End XCConfigurationList section */
	};
	rootObject = CD742A43266E2641006B460D /* Project object */;
}
